// !$*UTF8*$!
{
	archiveVersion = 1;
	classes = {
	};
	objectVersion = 46;
	objects = {

/* Begin PBXBuildFile section */
		0002C1DA1DE3A31B00874DC1 /* OpenGL.framework in Frameworks */ = {isa = PBXBuildFile; fileRef = 0002C1D91DE3A31B00874DC1 /* OpenGL.framework */; };
		0002C1DC1DE3A32200874DC1 /* GLUT.framework in Frameworks */ = {isa = PBXBuildFile; fileRef = 0002C1DB1DE3A32200874DC1 /* GLUT.framework */; };
		0002C1F31DE3A79000874DC1 /* demo1.cpp in Sources */ = {isa = PBXBuildFile; fileRef = 0002C1E91DE3A79000874DC1 /* demo1.cpp */; };
		0002C1F41DE3A79000874DC1 /* makefile in Sources */ = {isa = PBXBuildFile; fileRef = 0002C1F11DE3A79000874DC1 /* makefile */; };
		002183DB1DE3C27B0069CCF2 /* libglfw3.3.2.dylib in Frameworks */ = {isa = PBXBuildFile; fileRef = 002183D61DE3C0750069CCF2 /* libglfw3.3.2.dylib */; };
		002183DC1DE3C28F0069CCF2 /* libGLEW.2.0.0.dylib in Frameworks */ = {isa = PBXBuildFile; fileRef = 002183D81DE3C0850069CCF2 /* libGLEW.2.0.0.dylib */; };
/* End PBXBuildFile section */

/* Begin PBXCopyFilesBuildPhase section */
		0002C1CC1DE3A30300874DC1 /* CopyFiles */ = {
			isa = PBXCopyFilesBuildPhase;
			buildActionMask = 2147483647;
			dstPath = /usr/share/man/man1/;
			dstSubfolderSpec = 0;
			files = (
			);
			runOnlyForDeploymentPostprocessing = 1;
		};
/* End PBXCopyFilesBuildPhase section */

/* Begin PBXFileReference section */
		0002C1CE1DE3A30300874DC1 /* CG-CW1 */ = {isa = PBXFileReference; explicitFileType = "compiled.mach-o.executable"; includeInIndex = 0; path = "CG-CW1"; sourceTree = BUILT_PRODUCTS_DIR; };
		0002C1D91DE3A31B00874DC1 /* OpenGL.framework */ = {isa = PBXFileReference; lastKnownFileType = wrapper.framework; name = OpenGL.framework; path = System/Library/Frameworks/OpenGL.framework; sourceTree = SDKROOT; };
		0002C1DB1DE3A32200874DC1 /* GLUT.framework */ = {isa = PBXFileReference; lastKnownFileType = wrapper.framework; name = GLUT.framework; path = System/Library/Frameworks/GLUT.framework; sourceTree = SDKROOT; };
		0002C1E51DE3A79000874DC1 /* demo1.h */ = {isa = PBXFileReference; fileEncoding = 4; lastKnownFileType = sourcecode.c.h; path = demo1.h; sourceTree = SOURCE_ROOT; };
		0002C1E61DE3A79000874DC1 /* geom.h */ = {isa = PBXFileReference; fileEncoding = 4; lastKnownFileType = sourcecode.c.h; path = geom.h; sourceTree = SOURCE_ROOT; };
		0002C1E71DE3A79000874DC1 /* glinit.h */ = {isa = PBXFileReference; fileEncoding = 4; lastKnownFileType = sourcecode.c.h; path = glinit.h; sourceTree = SOURCE_ROOT; };
		0002C1E81DE3A79000874DC1 /* texture.h */ = {isa = PBXFileReference; fileEncoding = 4; lastKnownFileType = sourcecode.c.h; path = texture.h; sourceTree = SOURCE_ROOT; };
		0002C1E91DE3A79000874DC1 /* demo1.cpp */ = {isa = PBXFileReference; fileEncoding = 4; lastKnownFileType = sourcecode.cpp.cpp; path = demo1.cpp; sourceTree = SOURCE_ROOT; };
		0002C1EB1DE3A79000874DC1 /* glm */ = {isa = PBXFileReference; lastKnownFileType = folder; path = glm; sourceTree = SOURCE_ROOT; };
		0002C1ED1DE3A79000874DC1 /* fragment.glsl */ = {isa = PBXFileReference; fileEncoding = 4; lastKnownFileType = text; path = fragment.glsl; sourceTree = SOURCE_ROOT; };
		0002C1EE1DE3A79000874DC1 /* postfragment.glsl */ = {isa = PBXFileReference; fileEncoding = 4; lastKnownFileType = text; path = postfragment.glsl; sourceTree = SOURCE_ROOT; };
		0002C1EF1DE3A79000874DC1 /* postvertex.glsl */ = {isa = PBXFileReference; fileEncoding = 4; lastKnownFileType = text; path = postvertex.glsl; sourceTree = SOURCE_ROOT; };
		0002C1F01DE3A79000874DC1 /* vertex.glsl */ = {isa = PBXFileReference; fileEncoding = 4; lastKnownFileType = text; path = vertex.glsl; sourceTree = SOURCE_ROOT; };
		0002C1F11DE3A79000874DC1 /* makefile */ = {isa = PBXFileReference; fileEncoding = 4; lastKnownFileType = sourcecode.make; path = makefile; sourceTree = SOURCE_ROOT; };
		0002C1F21DE3A79000874DC1 /* makefile~ */ = {isa = PBXFileReference; fileEncoding = 4; lastKnownFileType = text; path = "makefile~"; sourceTree = SOURCE_ROOT; };
		002183D61DE3C0750069CCF2 /* libglfw3.3.2.dylib */ = {isa = PBXFileReference; lastKnownFileType = "compiled.mach-o.dylib"; name = libglfw3.3.2.dylib; path = ../../../../../../usr/local/Cellar/glfw3/lib/libglfw3.3.2.dylib; sourceTree = "<group>"; };
		002183D81DE3C0850069CCF2 /* libGLEW.2.0.0.dylib */ = {isa = PBXFileReference; lastKnownFileType = "compiled.mach-o.dylib"; name = libGLEW.2.0.0.dylib; path = ../../../../../../usr/local/Cellar/glew/2.0.0/lib/libGLEW.2.0.0.dylib; sourceTree = "<group>"; };
/* End PBXFileReference section */

/* Begin PBXFrameworksBuildPhase section */
		0002C1CB1DE3A30300874DC1 /* Frameworks */ = {
			isa = PBXFrameworksBuildPhase;
			buildActionMask = 2147483647;
			files = (
				002183DC1DE3C28F0069CCF2 /* libGLEW.2.0.0.dylib in Frameworks */,
				002183DB1DE3C27B0069CCF2 /* libglfw3.3.2.dylib in Frameworks */,
				0002C1DC1DE3A32200874DC1 /* GLUT.framework in Frameworks */,
				0002C1DA1DE3A31B00874DC1 /* OpenGL.framework in Frameworks */,
			);
			runOnlyForDeploymentPostprocessing = 0;
		};
/* End PBXFrameworksBuildPhase section */

/* Begin PBXGroup section */
		0002C1C51DE3A30300874DC1 = {
			isa = PBXGroup;
			children = (
				0002C1D01DE3A30300874DC1 /* CG-CW1 */,
				0002C1CF1DE3A30300874DC1 /* Products */,
				0002C1D81DE3A31B00874DC1 /* Frameworks */,
			);
			sourceTree = "<group>";
		};
		0002C1CF1DE3A30300874DC1 /* Products */ = {
			isa = PBXGroup;
			children = (
				0002C1CE1DE3A30300874DC1 /* CG-CW1 */,
			);
			name = Products;
			sourceTree = "<group>";
		};
		0002C1D01DE3A30300874DC1 /* CG-CW1 */ = {
			isa = PBXGroup;
			children = (
				0002C1E51DE3A79000874DC1 /* demo1.h */,
				0002C1E61DE3A79000874DC1 /* geom.h */,
				0002C1E71DE3A79000874DC1 /* glinit.h */,
				0002C1E81DE3A79000874DC1 /* texture.h */,
				0002C1E91DE3A79000874DC1 /* demo1.cpp */,
				0002C1EB1DE3A79000874DC1 /* glm */,
				0002C1ED1DE3A79000874DC1 /* fragment.glsl */,
				0002C1EE1DE3A79000874DC1 /* postfragment.glsl */,
				0002C1EF1DE3A79000874DC1 /* postvertex.glsl */,
				0002C1F01DE3A79000874DC1 /* vertex.glsl */,
				0002C1F11DE3A79000874DC1 /* makefile */,
				0002C1F21DE3A79000874DC1 /* makefile~ */,
			);
			path = "CG-CW1";
			sourceTree = "<group>";
		};
		0002C1D81DE3A31B00874DC1 /* Frameworks */ = {
			isa = PBXGroup;
			children = (
				002183D81DE3C0850069CCF2 /* libGLEW.2.0.0.dylib */,
				002183D61DE3C0750069CCF2 /* libglfw3.3.2.dylib */,
				0002C1DB1DE3A32200874DC1 /* GLUT.framework */,
				0002C1D91DE3A31B00874DC1 /* OpenGL.framework */,
			);
			name = Frameworks;
			sourceTree = "<group>";
		};
/* End PBXGroup section */

/* Begin PBXNativeTarget section */
		0002C1CD1DE3A30300874DC1 /* CG-CW1 */ = {
			isa = PBXNativeTarget;
			buildConfigurationList = 0002C1D51DE3A30300874DC1 /* Build configuration list for PBXNativeTarget "CG-CW1" */;
			buildPhases = (
				0002C1CA1DE3A30300874DC1 /* Sources */,
				0002C1CB1DE3A30300874DC1 /* Frameworks */,
				0002C1CC1DE3A30300874DC1 /* CopyFiles */,
			);
			buildRules = (
			);
			dependencies = (
			);
			name = "CG-CW1";
			productName = "CG-CW1";
			productReference = 0002C1CE1DE3A30300874DC1 /* CG-CW1 */;
			productType = "com.apple.product-type.tool";
		};
/* End PBXNativeTarget section */

/* Begin PBXProject section */
		0002C1C61DE3A30300874DC1 /* Project object */ = {
			isa = PBXProject;
			attributes = {
				LastUpgradeCheck = 0800;
				ORGANIZATIONNAME = Meteor;
				TargetAttributes = {
					0002C1CD1DE3A30300874DC1 = {
						CreatedOnToolsVersion = 8.0;
						ProvisioningStyle = Automatic;
					};
				};
			};
			buildConfigurationList = 0002C1C91DE3A30300874DC1 /* Build configuration list for PBXProject "CG-CW1" */;
			compatibilityVersion = "Xcode 3.2";
			developmentRegion = English;
			hasScannedForEncodings = 0;
			knownRegions = (
				en,
			);
			mainGroup = 0002C1C51DE3A30300874DC1;
			productRefGroup = 0002C1CF1DE3A30300874DC1 /* Products */;
			projectDirPath = "";
			projectRoot = "";
			targets = (
				0002C1CD1DE3A30300874DC1 /* CG-CW1 */,
			);
		};
/* End PBXProject section */

/* Begin PBXSourcesBuildPhase section */
		0002C1CA1DE3A30300874DC1 /* Sources */ = {
			isa = PBXSourcesBuildPhase;
			buildActionMask = 2147483647;
			files = (
				0002C1F41DE3A79000874DC1 /* makefile in Sources */,
				0002C1F31DE3A79000874DC1 /* demo1.cpp in Sources */,
			);
			runOnlyForDeploymentPostprocessing = 0;
		};
/* End PBXSourcesBuildPhase section */

/* Begin XCBuildConfiguration section */
		0002C1D31DE3A30300874DC1 /* Debug */ = {
			isa = XCBuildConfiguration;
			buildSettings = {
				ALWAYS_SEARCH_USER_PATHS = NO;
				CLANG_ANALYZER_NONNULL = YES;
				CLANG_CXX_LANGUAGE_STANDARD = "gnu++0x";
				CLANG_CXX_LIBRARY = "libc++";
				CLANG_ENABLE_MODULES = YES;
				CLANG_ENABLE_OBJC_ARC = YES;
				CLANG_WARN_BOOL_CONVERSION = YES;
				CLANG_WARN_CONSTANT_CONVERSION = YES;
				CLANG_WARN_DIRECT_OBJC_ISA_USAGE = YES_ERROR;
				CLANG_WARN_DOCUMENTATION_COMMENTS = YES;
				CLANG_WARN_EMPTY_BODY = YES;
				CLANG_WARN_ENUM_CONVERSION = YES;
				CLANG_WARN_INFINITE_RECURSION = YES;
				CLANG_WARN_INT_CONVERSION = YES;
				CLANG_WARN_OBJC_ROOT_CLASS = YES_ERROR;
				CLANG_WARN_SUSPICIOUS_MOVES = YES;
				CLANG_WARN_UNREACHABLE_CODE = YES;
				CLANG_WARN__DUPLICATE_METHOD_MATCH = YES;
				CODE_SIGN_IDENTITY = "-";
				COPY_PHASE_STRIP = NO;
				DEBUG_INFORMATION_FORMAT = dwarf;
				ENABLE_STRICT_OBJC_MSGSEND = YES;
				ENABLE_TESTABILITY = YES;
				GCC_C_LANGUAGE_STANDARD = gnu99;
				GCC_DYNAMIC_NO_PIC = NO;
				GCC_NO_COMMON_BLOCKS = YES;
				GCC_OPTIMIZATION_LEVEL = 0;
				GCC_PREPROCESSOR_DEFINITIONS = (
					"DEBUG=1",
					"$(inherited)",
				);
				GCC_WARN_64_TO_32_BIT_CONVERSION = YES;
				GCC_WARN_ABOUT_RETURN_TYPE = YES_ERROR;
				GCC_WARN_UNDECLARED_SELECTOR = YES;
				GCC_WARN_UNINITIALIZED_AUTOS = YES_AGGRESSIVE;
				GCC_WARN_UNUSED_FUNCTION = YES;
				GCC_WARN_UNUSED_VARIABLE = YES;
				HEADER_SEARCH_PATHS = "$(gl_usr_header)";
				LIBRARY_SEARCH_PATHS = "$(gl_usr_lib)";
				MACOSX_DEPLOYMENT_TARGET = 10.11;
				MTL_ENABLE_DEBUG_INFO = YES;
				ONLY_ACTIVE_ARCH = YES;
				OTHER_LDFLAGS = (
					"-lGLUT",
					"-lglfw3",
					"-lGLEW",
				);
				SDKROOT = macosx;
			};
			name = Debug;
		};
		0002C1D41DE3A30300874DC1 /* Release */ = {
			isa = XCBuildConfiguration;
			buildSettings = {
				ALWAYS_SEARCH_USER_PATHS = NO;
				CLANG_ANALYZER_NONNULL = YES;
				CLANG_CXX_LANGUAGE_STANDARD = "gnu++0x";
				CLANG_CXX_LIBRARY = "libc++";
				CLANG_ENABLE_MODULES = YES;
				CLANG_ENABLE_OBJC_ARC = YES;
				CLANG_WARN_BOOL_CONVERSION = YES;
				CLANG_WARN_CONSTANT_CONVERSION = YES;
				CLANG_WARN_DIRECT_OBJC_ISA_USAGE = YES_ERROR;
				CLANG_WARN_DOCUMENTATION_COMMENTS = YES;
				CLANG_WARN_EMPTY_BODY = YES;
				CLANG_WARN_ENUM_CONVERSION = YES;
				CLANG_WARN_INFINITE_RECURSION = YES;
				CLANG_WARN_INT_CONVERSION = YES;
				CLANG_WARN_OBJC_ROOT_CLASS = YES_ERROR;
				CLANG_WARN_SUSPICIOUS_MOVES = YES;
				CLANG_WARN_UNREACHABLE_CODE = YES;
				CLANG_WARN__DUPLICATE_METHOD_MATCH = YES;
				CODE_SIGN_IDENTITY = "-";
				COPY_PHASE_STRIP = NO;
				DEBUG_INFORMATION_FORMAT = "dwarf-with-dsym";
				ENABLE_NS_ASSERTIONS = NO;
				ENABLE_STRICT_OBJC_MSGSEND = YES;
				GCC_C_LANGUAGE_STANDARD = gnu99;
				GCC_NO_COMMON_BLOCKS = YES;
				GCC_WARN_64_TO_32_BIT_CONVERSION = YES;
				GCC_WARN_ABOUT_RETURN_TYPE = YES_ERROR;
				GCC_WARN_UNDECLARED_SELECTOR = YES;
				GCC_WARN_UNINITIALIZED_AUTOS = YES_AGGRESSIVE;
				GCC_WARN_UNUSED_FUNCTION = YES;
				GCC_WARN_UNUSED_VARIABLE = YES;
				HEADER_SEARCH_PATHS = "$(gl_usr_header)";
				LIBRARY_SEARCH_PATHS = "$(gl_usr_lib)";
				MACOSX_DEPLOYMENT_TARGET = 10.11;
				MTL_ENABLE_DEBUG_INFO = NO;
				OTHER_LDFLAGS = (
					"-lGLUT",
					"-lglfw3",
					"-lGLEW",
				);
				SDKROOT = macosx;
			};
			name = Release;
		};
		0002C1D61DE3A30300874DC1 /* Debug */ = {
			isa = XCBuildConfiguration;
			buildSettings = {
				LIBRARY_SEARCH_PATHS = (
					/usr/local/Cellar/glfw3/lib,
					/usr/local/Cellar/glew/2.0.0/lib,
				);
				OTHER_LDFLAGS = "";
				PRODUCT_NAME = "$(TARGET_NAME)";
			};
			name = Debug;
		};
		0002C1D71DE3A30300874DC1 /* Release */ = {
			isa = XCBuildConfiguration;
			buildSettings = {
				LIBRARY_SEARCH_PATHS = (
					/usr/local/Cellar/glfw3/lib,
					/usr/local/Cellar/glew/2.0.0/lib,
				);
				OTHER_LDFLAGS = "";
				PRODUCT_NAME = "$(TARGET_NAME)";
			};
			name = Release;
		};
/* End XCBuildConfiguration section */

/* Begin XCConfigurationList section */
		0002C1C91DE3A30300874DC1 /* Build configuration list for PBXProject "CG-CW1" */ = {
			isa = XCConfigurationList;
			buildConfigurations = (
				0002C1D31DE3A30300874DC1 /* Debug */,
				0002C1D41DE3A30300874DC1 /* Release */,
			);
			defaultConfigurationIsVisible = 0;
			defaultConfigurationName = Release;
		};
		0002C1D51DE3A30300874DC1 /* Build configuration list for PBXNativeTarget "CG-CW1" */ = {
			isa = XCConfigurationList;
			buildConfigurations = (
				0002C1D61DE3A30300874DC1 /* Debug */,
				0002C1D71DE3A30300874DC1 /* Release */,
			);
			defaultConfigurationIsVisible = 0;
			defaultConfigurationName = Release;
		};
/* End XCConfigurationList section */
	};
	rootObject = 0002C1C61DE3A30300874DC1 /* Project object */;
}
